// !$*UTF8*$!
{
	archiveVersion = 1;
	classes = {
	};
	objectVersion = 56;
	objects = {

/* Begin PBXBuildFile section */
		0ACB820EAEA9C2B43A714356 /* Pods_CuploadTests.framework in Frameworks */ = {isa = PBXBuildFile; fileRef = 579B900F39A23D1589730BFF /* Pods_CuploadTests.framework */; };
		31C92521E9334B40E36C2727 /* Pods_Cupload_CuploadUITests.framework in Frameworks */ = {isa = PBXBuildFile; fileRef = F3FBEEFD1EA8C52732AC05AE /* Pods_Cupload_CuploadUITests.framework */; };
		3F6FDFE9CE91C380406BCF5E /* Pods_Cupload.framework in Frameworks */ = {isa = PBXBuildFile; fileRef = 088C06E56C96397B69DFDE4A /* Pods_Cupload.framework */; };
		C607C67A298086F300A4CACD /* HomeTabViewController.swift in Sources */ = {isa = PBXBuildFile; fileRef = C607C679298086F300A4CACD /* HomeTabViewController.swift */; };
		C644FBFF29AD47B100F636D3 /* SwiftKeychainWrapper in Frameworks */ = {isa = PBXBuildFile; productRef = C644FBFE29AD47B100F636D3 /* SwiftKeychainWrapper */; };
		C66A1AD629AD5003000D8088 /* libBACtrackSDK.a in Frameworks */ = {isa = PBXBuildFile; fileRef = C66A1AD529AD5003000D8088 /* libBACtrackSDK.a */; };
		C6A1E948297D133800084111 /* ViewControllerRegister.swift in Sources */ = {isa = PBXBuildFile; fileRef = C6A1E947297D133800084111 /* ViewControllerRegister.swift */; };
		C6B19A3029799B9400195FCA /* AppDelegate.swift in Sources */ = {isa = PBXBuildFile; fileRef = C6B19A2F29799B9400195FCA /* AppDelegate.swift */; };
		C6B19A3229799B9400195FCA /* SceneDelegate.swift in Sources */ = {isa = PBXBuildFile; fileRef = C6B19A3129799B9400195FCA /* SceneDelegate.swift */; };
		C6B19A3429799B9400195FCA /* ViewControllerLogin.swift in Sources */ = {isa = PBXBuildFile; fileRef = C6B19A3329799B9400195FCA /* ViewControllerLogin.swift */; };
		C6B19A3729799B9400195FCA /* Main.storyboard in Resources */ = {isa = PBXBuildFile; fileRef = C6B19A3529799B9400195FCA /* Main.storyboard */; };
		C6B19A3929799B9600195FCA /* Assets.xcassets in Resources */ = {isa = PBXBuildFile; fileRef = C6B19A3829799B9600195FCA /* Assets.xcassets */; };
		C6B19A3C29799B9600195FCA /* LaunchScreen.storyboard in Resources */ = {isa = PBXBuildFile; fileRef = C6B19A3A29799B9600195FCA /* LaunchScreen.storyboard */; };
		C6B19A4729799B9600195FCA /* CuploadTests.swift in Sources */ = {isa = PBXBuildFile; fileRef = C6B19A4629799B9600195FCA /* CuploadTests.swift */; };
		C6B19A5129799B9600195FCA /* CuploadUITests.swift in Sources */ = {isa = PBXBuildFile; fileRef = C6B19A5029799B9600195FCA /* CuploadUITests.swift */; };
		C6B19A5329799B9600195FCA /* CuploadUITestsLaunchTests.swift in Sources */ = {isa = PBXBuildFile; fileRef = C6B19A5229799B9600195FCA /* CuploadUITestsLaunchTests.swift */; };
		C6C59B0929AD5F46008632A7 /* ViewControllerBlowTab.m in Sources */ = {isa = PBXBuildFile; fileRef = C6C59B0829AD5F46008632A7 /* ViewControllerBlowTab.m */; };
		C6C8E5472987417E00122212 /* ViewControllerSettings.swift in Sources */ = {isa = PBXBuildFile; fileRef = C6C8E5462987417E00122212 /* ViewControllerSettings.swift */; };
/* End PBXBuildFile section */

/* Begin PBXContainerItemProxy section */
		C6B19A4329799B9600195FCA /* PBXContainerItemProxy */ = {
			isa = PBXContainerItemProxy;
			containerPortal = C6B19A2429799B9400195FCA /* Project object */;
			proxyType = 1;
			remoteGlobalIDString = C6B19A2B29799B9400195FCA;
			remoteInfo = Cupload;
		};
		C6B19A4D29799B9600195FCA /* PBXContainerItemProxy */ = {
			isa = PBXContainerItemProxy;
			containerPortal = C6B19A2429799B9400195FCA /* Project object */;
			proxyType = 1;
			remoteGlobalIDString = C6B19A2B29799B9400195FCA;
			remoteInfo = Cupload;
		};
/* End PBXContainerItemProxy section */

/* Begin PBXFileReference section */
		088C06E56C96397B69DFDE4A /* Pods_Cupload.framework */ = {isa = PBXFileReference; explicitFileType = wrapper.framework; includeInIndex = 0; path = Pods_Cupload.framework; sourceTree = BUILT_PRODUCTS_DIR; };
		2FD43618A7530C47AECFFFDF /* Pods-Cupload-CuploadUITests.debug.xcconfig */ = {isa = PBXFileReference; includeInIndex = 1; lastKnownFileType = text.xcconfig; name = "Pods-Cupload-CuploadUITests.debug.xcconfig"; path = "Target Support Files/Pods-Cupload-CuploadUITests/Pods-Cupload-CuploadUITests.debug.xcconfig"; sourceTree = "<group>"; };
		32156AEB424A87023DA2A82C /* Pods-Cupload-CuploadUITests.release.xcconfig */ = {isa = PBXFileReference; includeInIndex = 1; lastKnownFileType = text.xcconfig; name = "Pods-Cupload-CuploadUITests.release.xcconfig"; path = "Target Support Files/Pods-Cupload-CuploadUITests/Pods-Cupload-CuploadUITests.release.xcconfig"; sourceTree = "<group>"; };
		579B900F39A23D1589730BFF /* Pods_CuploadTests.framework */ = {isa = PBXFileReference; explicitFileType = wrapper.framework; includeInIndex = 0; path = Pods_CuploadTests.framework; sourceTree = BUILT_PRODUCTS_DIR; };
		5AD6402B4DF2D8B85F81341F /* Pods-Cupload.release.xcconfig */ = {isa = PBXFileReference; includeInIndex = 1; lastKnownFileType = text.xcconfig; name = "Pods-Cupload.release.xcconfig"; path = "Target Support Files/Pods-Cupload/Pods-Cupload.release.xcconfig"; sourceTree = "<group>"; };
		601865A0FCDDA9220796ADBC /* Pods-CuploadTests.debug.xcconfig */ = {isa = PBXFileReference; includeInIndex = 1; lastKnownFileType = text.xcconfig; name = "Pods-CuploadTests.debug.xcconfig"; path = "Target Support Files/Pods-CuploadTests/Pods-CuploadTests.debug.xcconfig"; sourceTree = "<group>"; };
		8C8B93CB9F59EA76C8A21BEB /* Pods-Cupload.debug.xcconfig */ = {isa = PBXFileReference; includeInIndex = 1; lastKnownFileType = text.xcconfig; name = "Pods-Cupload.debug.xcconfig"; path = "Target Support Files/Pods-Cupload/Pods-Cupload.debug.xcconfig"; sourceTree = "<group>"; };
		ADE42C79FF4AB4A7A9766591 /* Pods-CuploadTests.release.xcconfig */ = {isa = PBXFileReference; includeInIndex = 1; lastKnownFileType = text.xcconfig; name = "Pods-CuploadTests.release.xcconfig"; path = "Target Support Files/Pods-CuploadTests/Pods-CuploadTests.release.xcconfig"; sourceTree = "<group>"; };
		C607C679298086F300A4CACD /* HomeTabViewController.swift */ = {isa = PBXFileReference; lastKnownFileType = sourcecode.swift; path = HomeTabViewController.swift; sourceTree = "<group>"; };
		C644FBF829AD464E00F636D3 /* Base */ = {isa = PBXFileReference; lastKnownFileType = file.storyboard; name = Base; path = LaunchScreen.storyboard; sourceTree = "<group>"; };
		C644FBFA29AD464E00F636D3 /* Base */ = {isa = PBXFileReference; lastKnownFileType = file.storyboard; name = Base; path = Main.storyboard; sourceTree = "<group>"; };
		C644FBFB29AD467200F636D3 /* libBACtrackSDK.a */ = {isa = PBXFileReference; lastKnownFileType = archive.ar; name = libBACtrackSDK.a; path = ../../../../Desktop/BACtrack_v2.2.8_iOS_SDK/libBACtrackSDK.a; sourceTree = "<group>"; };
		C64D9A5E29819D7A001D4DC8 /* Cupload.entitlements */ = {isa = PBXFileReference; lastKnownFileType = text.plist.entitlements; path = Cupload.entitlements; sourceTree = SOURCE_ROOT; };
		C66A1AD529AD5003000D8088 /* libBACtrackSDK.a */ = {isa = PBXFileReference; lastKnownFileType = archive.ar; name = libBACtrackSDK.a; path = BACtrackSDK/libBACtrackSDK.a; sourceTree = "<group>"; };
		C6A1E947297D133800084111 /* ViewControllerRegister.swift */ = {isa = PBXFileReference; lastKnownFileType = sourcecode.swift; path = ViewControllerRegister.swift; sourceTree = "<group>"; };
		C6B19A2C29799B9400195FCA /* Cupload.app */ = {isa = PBXFileReference; explicitFileType = wrapper.application; includeInIndex = 0; path = Cupload.app; sourceTree = BUILT_PRODUCTS_DIR; };
		C6B19A2F29799B9400195FCA /* AppDelegate.swift */ = {isa = PBXFileReference; lastKnownFileType = sourcecode.swift; path = AppDelegate.swift; sourceTree = "<group>"; };
		C6B19A3129799B9400195FCA /* SceneDelegate.swift */ = {isa = PBXFileReference; lastKnownFileType = sourcecode.swift; path = SceneDelegate.swift; sourceTree = "<group>"; };
		C6B19A3329799B9400195FCA /* ViewControllerLogin.swift */ = {isa = PBXFileReference; lastKnownFileType = sourcecode.swift; path = ViewControllerLogin.swift; sourceTree = "<group>"; };
		C6B19A3629799B9400195FCA /* Base */ = {isa = PBXFileReference; lastKnownFileType = file.storyboard; name = Base; path = Base.lproj/Main.storyboard; sourceTree = "<group>"; };
		C6B19A3829799B9600195FCA /* Assets.xcassets */ = {isa = PBXFileReference; lastKnownFileType = folder.assetcatalog; path = Assets.xcassets; sourceTree = "<group>"; };
		C6B19A3B29799B9600195FCA /* Base */ = {isa = PBXFileReference; lastKnownFileType = file.storyboard; name = Base; path = Base.lproj/LaunchScreen.storyboard; sourceTree = "<group>"; };
		C6B19A3D29799B9600195FCA /* Info.plist */ = {isa = PBXFileReference; lastKnownFileType = text.plist.xml; path = Info.plist; sourceTree = "<group>"; };
		C6B19A4229799B9600195FCA /* CuploadTests.xctest */ = {isa = PBXFileReference; explicitFileType = wrapper.cfbundle; includeInIndex = 0; path = CuploadTests.xctest; sourceTree = BUILT_PRODUCTS_DIR; };
		C6B19A4629799B9600195FCA /* CuploadTests.swift */ = {isa = PBXFileReference; lastKnownFileType = sourcecode.swift; path = CuploadTests.swift; sourceTree = "<group>"; };
		C6B19A4C29799B9600195FCA /* CuploadUITests.xctest */ = {isa = PBXFileReference; explicitFileType = wrapper.cfbundle; includeInIndex = 0; path = CuploadUITests.xctest; sourceTree = BUILT_PRODUCTS_DIR; };
		C6B19A5029799B9600195FCA /* CuploadUITests.swift */ = {isa = PBXFileReference; lastKnownFileType = sourcecode.swift; path = CuploadUITests.swift; sourceTree = "<group>"; };
		C6B19A5229799B9600195FCA /* CuploadUITestsLaunchTests.swift */ = {isa = PBXFileReference; lastKnownFileType = sourcecode.swift; path = CuploadUITestsLaunchTests.swift; sourceTree = "<group>"; };
		C6C59B0629AD5E9C008632A7 /* ViewControllerBlowTab.h */ = {isa = PBXFileReference; lastKnownFileType = sourcecode.c.h; path = ViewControllerBlowTab.h; sourceTree = "<group>"; };
		C6C59B0729AD5F45008632A7 /* Cupload-Bridging-Header.h */ = {isa = PBXFileReference; lastKnownFileType = sourcecode.c.h; path = "Cupload-Bridging-Header.h"; sourceTree = "<group>"; };
		C6C59B0829AD5F46008632A7 /* ViewControllerBlowTab.m */ = {isa = PBXFileReference; lastKnownFileType = sourcecode.c.objc; path = ViewControllerBlowTab.m; sourceTree = "<group>"; };
		C6C59B0A29AD5FDF008632A7 /* BACtrack.h */ = {isa = PBXFileReference; lastKnownFileType = sourcecode.c.h; path = BACtrack.h; sourceTree = "<group>"; };
		C6C8E5462987417E00122212 /* ViewControllerSettings.swift */ = {isa = PBXFileReference; lastKnownFileType = sourcecode.swift; path = ViewControllerSettings.swift; sourceTree = "<group>"; };
		F3FBEEFD1EA8C52732AC05AE /* Pods_Cupload_CuploadUITests.framework */ = {isa = PBXFileReference; explicitFileType = wrapper.framework; includeInIndex = 0; path = Pods_Cupload_CuploadUITests.framework; sourceTree = BUILT_PRODUCTS_DIR; };
/* End PBXFileReference section */

/* Begin PBXFrameworksBuildPhase section */
		C6B19A2929799B9400195FCA /* Frameworks */ = {
			isa = PBXFrameworksBuildPhase;
			buildActionMask = 2147483647;
			files = (
				C66A1AD629AD5003000D8088 /* libBACtrackSDK.a in Frameworks */,
				3F6FDFE9CE91C380406BCF5E /* Pods_Cupload.framework in Frameworks */,
				C644FBFF29AD47B100F636D3 /* SwiftKeychainWrapper in Frameworks */,
			);
			runOnlyForDeploymentPostprocessing = 0;
		};
		C6B19A3F29799B9600195FCA /* Frameworks */ = {
			isa = PBXFrameworksBuildPhase;
			buildActionMask = 2147483647;
			files = (
				0ACB820EAEA9C2B43A714356 /* Pods_CuploadTests.framework in Frameworks */,
			);
			runOnlyForDeploymentPostprocessing = 0;
		};
		C6B19A4929799B9600195FCA /* Frameworks */ = {
			isa = PBXFrameworksBuildPhase;
			buildActionMask = 2147483647;
			files = (
				31C92521E9334B40E36C2727 /* Pods_Cupload_CuploadUITests.framework in Frameworks */,
			);
			runOnlyForDeploymentPostprocessing = 0;
		};
/* End PBXFrameworksBuildPhase section */

/* Begin PBXGroup section */
		00BEA4B2E93B93E679C0AAC2 /* Frameworks */ = {
			isa = PBXGroup;
			children = (
				C644FBFB29AD467200F636D3 /* libBACtrackSDK.a */,
				C66A1AD529AD5003000D8088 /* libBACtrackSDK.a */,
				C644FBF629AD464E00F636D3 /* Base.lproj */,
				088C06E56C96397B69DFDE4A /* Pods_Cupload.framework */,
				F3FBEEFD1EA8C52732AC05AE /* Pods_Cupload_CuploadUITests.framework */,
				579B900F39A23D1589730BFF /* Pods_CuploadTests.framework */,
			);
			name = Frameworks;
			sourceTree = "<group>";
		};
		025C825BA7FD7A052542F5BD /* Pods */ = {
			isa = PBXGroup;
			children = (
				8C8B93CB9F59EA76C8A21BEB /* Pods-Cupload.debug.xcconfig */,
				5AD6402B4DF2D8B85F81341F /* Pods-Cupload.release.xcconfig */,
				2FD43618A7530C47AECFFFDF /* Pods-Cupload-CuploadUITests.debug.xcconfig */,
				32156AEB424A87023DA2A82C /* Pods-Cupload-CuploadUITests.release.xcconfig */,
				601865A0FCDDA9220796ADBC /* Pods-CuploadTests.debug.xcconfig */,
				ADE42C79FF4AB4A7A9766591 /* Pods-CuploadTests.release.xcconfig */,
			);
			path = Pods;
			sourceTree = "<group>";
		};
		C644FBF629AD464E00F636D3 /* Base.lproj */ = {
			isa = PBXGroup;
			children = (
				C644FBF729AD464E00F636D3 /* LaunchScreen.storyboard */,
				C644FBF929AD464E00F636D3 /* Main.storyboard */,
			);
			name = Base.lproj;
			path = "../../BACtrack Test/BACtrack Test/Base.lproj";
			sourceTree = "<group>";
		};
		C653A57E29AD4E460021255B /* BACtrackSDK */ = {
			isa = PBXGroup;
			children = (
			);
			path = BACtrackSDK;
			sourceTree = "<group>";
		};
		C66975DC29AD5D1500EDF856 /* ViewControllerBlowTab */ = {
			isa = PBXGroup;
			children = (
				C6C59B0629AD5E9C008632A7 /* ViewControllerBlowTab.h */,
				C6C59B0829AD5F46008632A7 /* ViewControllerBlowTab.m */,
				C6C59B0729AD5F45008632A7 /* Cupload-Bridging-Header.h */,
				C6C59B0A29AD5FDF008632A7 /* BACtrack.h */,
			);
			path = ViewControllerBlowTab;
			sourceTree = "<group>";
		};
		C681E03F297F41C200D35DBD /* Imgs */ = {
			isa = PBXGroup;
			children = (
			);
			path = Imgs;
			sourceTree = "<group>";
		};
		C6B19A2329799B9400195FCA = {
			isa = PBXGroup;
			children = (
				C66975DC29AD5D1500EDF856 /* ViewControllerBlowTab */,
				C653A57E29AD4E460021255B /* BACtrackSDK */,
				C681E03F297F41C200D35DBD /* Imgs */,
				C6B19A2E29799B9400195FCA /* Cupload */,
				C6B19A4529799B9600195FCA /* CuploadTests */,
				C6B19A4F29799B9600195FCA /* CuploadUITests */,
				C6B19A2D29799B9400195FCA /* Products */,
				025C825BA7FD7A052542F5BD /* Pods */,
				00BEA4B2E93B93E679C0AAC2 /* Frameworks */,
			);
			sourceTree = "<group>";
		};
		C6B19A2D29799B9400195FCA /* Products */ = {
			isa = PBXGroup;
			children = (
				C6B19A2C29799B9400195FCA /* Cupload.app */,
				C6B19A4229799B9600195FCA /* CuploadTests.xctest */,
				C6B19A4C29799B9600195FCA /* CuploadUITests.xctest */,
			);
			name = Products;
			sourceTree = "<group>";
		};
		C6B19A2E29799B9400195FCA /* Cupload */ = {
			isa = PBXGroup;
			children = (
				C64D9A5E29819D7A001D4DC8 /* Cupload.entitlements */,
				C6B19A2F29799B9400195FCA /* AppDelegate.swift */,
				C6B19A3129799B9400195FCA /* SceneDelegate.swift */,
				C6B19A3329799B9400195FCA /* ViewControllerLogin.swift */,
				C6B19A3529799B9400195FCA /* Main.storyboard */,
				C6B19A3829799B9600195FCA /* Assets.xcassets */,
				C6B19A3A29799B9600195FCA /* LaunchScreen.storyboard */,
				C6B19A3D29799B9600195FCA /* Info.plist */,
				C6A1E947297D133800084111 /* ViewControllerRegister.swift */,
				C607C679298086F300A4CACD /* HomeTabViewController.swift */,
				C6C8E5462987417E00122212 /* ViewControllerSettings.swift */,
			);
			path = Cupload;
			sourceTree = "<group>";
		};
		C6B19A4529799B9600195FCA /* CuploadTests */ = {
			isa = PBXGroup;
			children = (
				C6B19A4629799B9600195FCA /* CuploadTests.swift */,
			);
			path = CuploadTests;
			sourceTree = "<group>";
		};
		C6B19A4F29799B9600195FCA /* CuploadUITests */ = {
			isa = PBXGroup;
			children = (
				C6B19A5029799B9600195FCA /* CuploadUITests.swift */,
				C6B19A5229799B9600195FCA /* CuploadUITestsLaunchTests.swift */,
			);
			path = CuploadUITests;
			sourceTree = "<group>";
		};
/* End PBXGroup section */

/* Begin PBXNativeTarget section */
		C6B19A2B29799B9400195FCA /* Cupload */ = {
			isa = PBXNativeTarget;
			buildConfigurationList = C6B19A5629799B9700195FCA /* Build configuration list for PBXNativeTarget "Cupload" */;
			buildPhases = (
				8871751E77D7E696DEF9DCDA /* [CP] Check Pods Manifest.lock */,
				C6B19A2829799B9400195FCA /* Sources */,
				C6B19A2929799B9400195FCA /* Frameworks */,
				C6B19A2A29799B9400195FCA /* Resources */,
				BEEB4193CAA916EE7ED4377B /* [CP] Embed Pods Frameworks */,
			);
			buildRules = (
			);
			dependencies = (
			);
			name = Cupload;
			packageProductDependencies = (
				C644FBFE29AD47B100F636D3 /* SwiftKeychainWrapper */,
			);
			productName = Cupload;
			productReference = C6B19A2C29799B9400195FCA /* Cupload.app */;
			productType = "com.apple.product-type.application";
		};
		C6B19A4129799B9600195FCA /* CuploadTests */ = {
			isa = PBXNativeTarget;
			buildConfigurationList = C6B19A5929799B9700195FCA /* Build configuration list for PBXNativeTarget "CuploadTests" */;
			buildPhases = (
				65BC519B9FE7B9F2B7B2BA60 /* [CP] Check Pods Manifest.lock */,
				C6B19A3E29799B9600195FCA /* Sources */,
				C6B19A3F29799B9600195FCA /* Frameworks */,
				C6B19A4029799B9600195FCA /* Resources */,
			);
			buildRules = (
			);
			dependencies = (
				C6B19A4429799B9600195FCA /* PBXTargetDependency */,
			);
			name = CuploadTests;
			productName = CuploadTests;
			productReference = C6B19A4229799B9600195FCA /* CuploadTests.xctest */;
			productType = "com.apple.product-type.bundle.unit-test";
		};
		C6B19A4B29799B9600195FCA /* CuploadUITests */ = {
			isa = PBXNativeTarget;
			buildConfigurationList = C6B19A5C29799B9700195FCA /* Build configuration list for PBXNativeTarget "CuploadUITests" */;
			buildPhases = (
				E514C20187FA9ADD30F13A9C /* [CP] Check Pods Manifest.lock */,
				C6B19A4829799B9600195FCA /* Sources */,
				C6B19A4929799B9600195FCA /* Frameworks */,
				C6B19A4A29799B9600195FCA /* Resources */,
				6D840BA7C43D6DE90EC2F012 /* [CP] Embed Pods Frameworks */,
			);
			buildRules = (
			);
			dependencies = (
				C6B19A4E29799B9600195FCA /* PBXTargetDependency */,
			);
			name = CuploadUITests;
			productName = CuploadUITests;
			productReference = C6B19A4C29799B9600195FCA /* CuploadUITests.xctest */;
			productType = "com.apple.product-type.bundle.ui-testing";
		};
/* End PBXNativeTarget section */

/* Begin PBXProject section */
		C6B19A2429799B9400195FCA /* Project object */ = {
			isa = PBXProject;
			attributes = {
				BuildIndependentTargetsInParallel = 1;
				LastSwiftUpdateCheck = 1420;
				LastUpgradeCheck = 1420;
				TargetAttributes = {
					C6B19A2B29799B9400195FCA = {
						CreatedOnToolsVersion = 14.2;
						LastSwiftMigration = 1420;
					};
					C6B19A4129799B9600195FCA = {
						CreatedOnToolsVersion = 14.2;
						TestTargetID = C6B19A2B29799B9400195FCA;
					};
					C6B19A4B29799B9600195FCA = {
						CreatedOnToolsVersion = 14.2;
						TestTargetID = C6B19A2B29799B9400195FCA;
					};
				};
			};
			buildConfigurationList = C6B19A2729799B9400195FCA /* Build configuration list for PBXProject "Cupload" */;
			compatibilityVersion = "Xcode 14.0";
			developmentRegion = en;
			hasScannedForEncodings = 0;
			knownRegions = (
				en,
				Base,
			);
			mainGroup = C6B19A2329799B9400195FCA;
			packageReferences = (
				C644FBFD29AD47B100F636D3 /* XCRemoteSwiftPackageReference "SwiftKeychainWrapper" */,
			);
			productRefGroup = C6B19A2D29799B9400195FCA /* Products */;
			projectDirPath = "";
			projectRoot = "";
			targets = (
				C6B19A2B29799B9400195FCA /* Cupload */,
				C6B19A4129799B9600195FCA /* CuploadTests */,
				C6B19A4B29799B9600195FCA /* CuploadUITests */,
			);
		};
/* End PBXProject section */

/* Begin PBXResourcesBuildPhase section */
		C6B19A2A29799B9400195FCA /* Resources */ = {
			isa = PBXResourcesBuildPhase;
			buildActionMask = 2147483647;
			files = (
				C6B19A3C29799B9600195FCA /* LaunchScreen.storyboard in Resources */,
				C6B19A3929799B9600195FCA /* Assets.xcassets in Resources */,
				C6B19A3729799B9400195FCA /* Main.storyboard in Resources */,
			);
			runOnlyForDeploymentPostprocessing = 0;
		};
		C6B19A4029799B9600195FCA /* Resources */ = {
			isa = PBXResourcesBuildPhase;
			buildActionMask = 2147483647;
			files = (
			);
			runOnlyForDeploymentPostprocessing = 0;
		};
		C6B19A4A29799B9600195FCA /* Resources */ = {
			isa = PBXResourcesBuildPhase;
			buildActionMask = 2147483647;
			files = (
			);
			runOnlyForDeploymentPostprocessing = 0;
		};
/* End PBXResourcesBuildPhase section */

/* Begin PBXShellScriptBuildPhase section */
		65BC519B9FE7B9F2B7B2BA60 /* [CP] Check Pods Manifest.lock */ = {
			isa = PBXShellScriptBuildPhase;
			buildActionMask = 2147483647;
			files = (
			);
			inputFileListPaths = (
			);
			inputPaths = (
				"${PODS_PODFILE_DIR_PATH}/Podfile.lock",
				"${PODS_ROOT}/Manifest.lock",
			);
			name = "[CP] Check Pods Manifest.lock";
			outputFileListPaths = (
			);
			outputPaths = (
				"$(DERIVED_FILE_DIR)/Pods-CuploadTests-checkManifestLockResult.txt",
			);
			runOnlyForDeploymentPostprocessing = 0;
			shellPath = /bin/sh;
			shellScript = "diff \"${PODS_PODFILE_DIR_PATH}/Podfile.lock\" \"${PODS_ROOT}/Manifest.lock\" > /dev/null\nif [ $? != 0 ] ; then\n    # print error to STDERR\n    echo \"error: The sandbox is not in sync with the Podfile.lock. Run 'pod install' or update your CocoaPods installation.\" >&2\n    exit 1\nfi\n# This output is used by Xcode 'outputs' to avoid re-running this script phase.\necho \"SUCCESS\" > \"${SCRIPT_OUTPUT_FILE_0}\"\n";
			showEnvVarsInLog = 0;
		};
		6D840BA7C43D6DE90EC2F012 /* [CP] Embed Pods Frameworks */ = {
			isa = PBXShellScriptBuildPhase;
			buildActionMask = 2147483647;
			files = (
			);
			inputFileListPaths = (
				"${PODS_ROOT}/Target Support Files/Pods-Cupload-CuploadUITests/Pods-Cupload-CuploadUITests-frameworks-${CONFIGURATION}-input-files.xcfilelist",
			);
			name = "[CP] Embed Pods Frameworks";
			outputFileListPaths = (
				"${PODS_ROOT}/Target Support Files/Pods-Cupload-CuploadUITests/Pods-Cupload-CuploadUITests-frameworks-${CONFIGURATION}-output-files.xcfilelist",
			);
			runOnlyForDeploymentPostprocessing = 0;
			shellPath = /bin/sh;
			shellScript = "\"${PODS_ROOT}/Target Support Files/Pods-Cupload-CuploadUITests/Pods-Cupload-CuploadUITests-frameworks.sh\"\n";
			showEnvVarsInLog = 0;
		};
		8871751E77D7E696DEF9DCDA /* [CP] Check Pods Manifest.lock */ = {
			isa = PBXShellScriptBuildPhase;
			buildActionMask = 2147483647;
			files = (
			);
			inputFileListPaths = (
			);
			inputPaths = (
				"${PODS_PODFILE_DIR_PATH}/Podfile.lock",
				"${PODS_ROOT}/Manifest.lock",
			);
			name = "[CP] Check Pods Manifest.lock";
			outputFileListPaths = (
			);
			outputPaths = (
				"$(DERIVED_FILE_DIR)/Pods-Cupload-checkManifestLockResult.txt",
			);
			runOnlyForDeploymentPostprocessing = 0;
			shellPath = /bin/sh;
			shellScript = "diff \"${PODS_PODFILE_DIR_PATH}/Podfile.lock\" \"${PODS_ROOT}/Manifest.lock\" > /dev/null\nif [ $? != 0 ] ; then\n    # print error to STDERR\n    echo \"error: The sandbox is not in sync with the Podfile.lock. Run 'pod install' or update your CocoaPods installation.\" >&2\n    exit 1\nfi\n# This output is used by Xcode 'outputs' to avoid re-running this script phase.\necho \"SUCCESS\" > \"${SCRIPT_OUTPUT_FILE_0}\"\n";
			showEnvVarsInLog = 0;
		};
		BEEB4193CAA916EE7ED4377B /* [CP] Embed Pods Frameworks */ = {
			isa = PBXShellScriptBuildPhase;
			buildActionMask = 2147483647;
			files = (
			);
			inputFileListPaths = (
				"${PODS_ROOT}/Target Support Files/Pods-Cupload/Pods-Cupload-frameworks-${CONFIGURATION}-input-files.xcfilelist",
			);
			name = "[CP] Embed Pods Frameworks";
			outputFileListPaths = (
				"${PODS_ROOT}/Target Support Files/Pods-Cupload/Pods-Cupload-frameworks-${CONFIGURATION}-output-files.xcfilelist",
			);
			runOnlyForDeploymentPostprocessing = 0;
			shellPath = /bin/sh;
			shellScript = "\"${PODS_ROOT}/Target Support Files/Pods-Cupload/Pods-Cupload-frameworks.sh\"\n";
			showEnvVarsInLog = 0;
		};
		E514C20187FA9ADD30F13A9C /* [CP] Check Pods Manifest.lock */ = {
			isa = PBXShellScriptBuildPhase;
			buildActionMask = 2147483647;
			files = (
			);
			inputFileListPaths = (
			);
			inputPaths = (
				"${PODS_PODFILE_DIR_PATH}/Podfile.lock",
				"${PODS_ROOT}/Manifest.lock",
			);
			name = "[CP] Check Pods Manifest.lock";
			outputFileListPaths = (
			);
			outputPaths = (
				"$(DERIVED_FILE_DIR)/Pods-Cupload-CuploadUITests-checkManifestLockResult.txt",
			);
			runOnlyForDeploymentPostprocessing = 0;
			shellPath = /bin/sh;
			shellScript = "diff \"${PODS_PODFILE_DIR_PATH}/Podfile.lock\" \"${PODS_ROOT}/Manifest.lock\" > /dev/null\nif [ $? != 0 ] ; then\n    # print error to STDERR\n    echo \"error: The sandbox is not in sync with the Podfile.lock. Run 'pod install' or update your CocoaPods installation.\" >&2\n    exit 1\nfi\n# This output is used by Xcode 'outputs' to avoid re-running this script phase.\necho \"SUCCESS\" > \"${SCRIPT_OUTPUT_FILE_0}\"\n";
			showEnvVarsInLog = 0;
		};
/* End PBXShellScriptBuildPhase section */

/* Begin PBXSourcesBuildPhase section */
		C6B19A2829799B9400195FCA /* Sources */ = {
			isa = PBXSourcesBuildPhase;
			buildActionMask = 2147483647;
			files = (
				C6A1E948297D133800084111 /* ViewControllerRegister.swift in Sources */,
				C6B19A3429799B9400195FCA /* ViewControllerLogin.swift in Sources */,
				C6B19A3029799B9400195FCA /* AppDelegate.swift in Sources */,
				C6B19A3229799B9400195FCA /* SceneDelegate.swift in Sources */,
				C607C67A298086F300A4CACD /* HomeTabViewController.swift in Sources */,
				C6C8E5472987417E00122212 /* ViewControllerSettings.swift in Sources */,
				C6C59B0929AD5F46008632A7 /* ViewControllerBlowTab.m in Sources */,
			);
			runOnlyForDeploymentPostprocessing = 0;
		};
		C6B19A3E29799B9600195FCA /* Sources */ = {
			isa = PBXSourcesBuildPhase;
			buildActionMask = 2147483647;
			files = (
				C6B19A4729799B9600195FCA /* CuploadTests.swift in Sources */,
			);
			runOnlyForDeploymentPostprocessing = 0;
		};
		C6B19A4829799B9600195FCA /* Sources */ = {
			isa = PBXSourcesBuildPhase;
			buildActionMask = 2147483647;
			files = (
				C6B19A5129799B9600195FCA /* CuploadUITests.swift in Sources */,
				C6B19A5329799B9600195FCA /* CuploadUITestsLaunchTests.swift in Sources */,
			);
			runOnlyForDeploymentPostprocessing = 0;
		};
/* End PBXSourcesBuildPhase section */

/* Begin PBXTargetDependency section */
		C6B19A4429799B9600195FCA /* PBXTargetDependency */ = {
			isa = PBXTargetDependency;
			target = C6B19A2B29799B9400195FCA /* Cupload */;
			targetProxy = C6B19A4329799B9600195FCA /* PBXContainerItemProxy */;
		};
		C6B19A4E29799B9600195FCA /* PBXTargetDependency */ = {
			isa = PBXTargetDependency;
			target = C6B19A2B29799B9400195FCA /* Cupload */;
			targetProxy = C6B19A4D29799B9600195FCA /* PBXContainerItemProxy */;
		};
/* End PBXTargetDependency section */

/* Begin PBXVariantGroup section */
		C644FBF729AD464E00F636D3 /* LaunchScreen.storyboard */ = {
			isa = PBXVariantGroup;
			children = (
				C644FBF829AD464E00F636D3 /* Base */,
			);
			name = LaunchScreen.storyboard;
			sourceTree = "<group>";
		};
		C644FBF929AD464E00F636D3 /* Main.storyboard */ = {
			isa = PBXVariantGroup;
			children = (
				C644FBFA29AD464E00F636D3 /* Base */,
			);
			name = Main.storyboard;
			sourceTree = "<group>";
		};
		C6B19A3529799B9400195FCA /* Main.storyboard */ = {
			isa = PBXVariantGroup;
			children = (
				C6B19A3629799B9400195FCA /* Base */,
			);
			name = Main.storyboard;
			sourceTree = "<group>";
		};
		C6B19A3A29799B9600195FCA /* LaunchScreen.storyboard */ = {
			isa = PBXVariantGroup;
			children = (
				C6B19A3B29799B9600195FCA /* Base */,
			);
			name = LaunchScreen.storyboard;
			sourceTree = "<group>";
		};
/* End PBXVariantGroup section */

/* Begin XCBuildConfiguration section */
		C6B19A5429799B9700195FCA /* Debug */ = {
			isa = XCBuildConfiguration;
			buildSettings = {
				ALWAYS_SEARCH_USER_PATHS = NO;
				CLANG_ANALYZER_NONNULL = YES;
				CLANG_ANALYZER_NUMBER_OBJECT_CONVERSION = YES_AGGRESSIVE;
				CLANG_CXX_LANGUAGE_STANDARD = "gnu++20";
				CLANG_ENABLE_MODULES = YES;
				CLANG_ENABLE_OBJC_ARC = YES;
				CLANG_ENABLE_OBJC_WEAK = YES;
				CLANG_WARN_BLOCK_CAPTURE_AUTORELEASING = YES;
				CLANG_WARN_BOOL_CONVERSION = YES;
				CLANG_WARN_COMMA = YES;
				CLANG_WARN_CONSTANT_CONVERSION = YES;
				CLANG_WARN_DEPRECATED_OBJC_IMPLEMENTATIONS = YES;
				CLANG_WARN_DIRECT_OBJC_ISA_USAGE = YES_ERROR;
				CLANG_WARN_DOCUMENTATION_COMMENTS = YES;
				CLANG_WARN_EMPTY_BODY = YES;
				CLANG_WARN_ENUM_CONVERSION = YES;
				CLANG_WARN_INFINITE_RECURSION = YES;
				CLANG_WARN_INT_CONVERSION = YES;
				CLANG_WARN_NON_LITERAL_NULL_CONVERSION = YES;
				CLANG_WARN_OBJC_IMPLICIT_RETAIN_SELF = YES;
				CLANG_WARN_OBJC_LITERAL_CONVERSION = YES;
				CLANG_WARN_OBJC_ROOT_CLASS = YES_ERROR;
				CLANG_WARN_QUOTED_INCLUDE_IN_FRAMEWORK_HEADER = YES;
				CLANG_WARN_RANGE_LOOP_ANALYSIS = YES;
				CLANG_WARN_STRICT_PROTOTYPES = YES;
				CLANG_WARN_SUSPICIOUS_MOVE = YES;
				CLANG_WARN_UNGUARDED_AVAILABILITY = YES_AGGRESSIVE;
				CLANG_WARN_UNREACHABLE_CODE = YES;
				CLANG_WARN__DUPLICATE_METHOD_MATCH = YES;
				COPY_PHASE_STRIP = NO;
				DEBUG_INFORMATION_FORMAT = dwarf;
				ENABLE_STRICT_OBJC_MSGSEND = YES;
				ENABLE_TESTABILITY = YES;
				GCC_C_LANGUAGE_STANDARD = gnu11;
				GCC_DYNAMIC_NO_PIC = NO;
				GCC_NO_COMMON_BLOCKS = YES;
				GCC_OPTIMIZATION_LEVEL = 0;
				GCC_PREPROCESSOR_DEFINITIONS = (
					"DEBUG=1",
					"$(inherited)",
				);
				GCC_WARN_64_TO_32_BIT_CONVERSION = YES;
				GCC_WARN_ABOUT_RETURN_TYPE = YES_ERROR;
				GCC_WARN_UNDECLARED_SELECTOR = YES;
				GCC_WARN_UNINITIALIZED_AUTOS = YES_AGGRESSIVE;
				GCC_WARN_UNUSED_FUNCTION = YES;
				GCC_WARN_UNUSED_VARIABLE = YES;
				IPHONEOS_DEPLOYMENT_TARGET = 16.2;
				MTL_ENABLE_DEBUG_INFO = INCLUDE_SOURCE;
				MTL_FAST_MATH = YES;
				ONLY_ACTIVE_ARCH = YES;
				SDKROOT = iphoneos;
				SWIFT_ACTIVE_COMPILATION_CONDITIONS = DEBUG;
				SWIFT_OPTIMIZATION_LEVEL = "-Onone";
			};
			name = Debug;
		};
		C6B19A5529799B9700195FCA /* Release */ = {
			isa = XCBuildConfiguration;
			buildSettings = {
				ALWAYS_SEARCH_USER_PATHS = NO;
				CLANG_ANALYZER_NONNULL = YES;
				CLANG_ANALYZER_NUMBER_OBJECT_CONVERSION = YES_AGGRESSIVE;
				CLANG_CXX_LANGUAGE_STANDARD = "gnu++20";
				CLANG_ENABLE_MODULES = YES;
				CLANG_ENABLE_OBJC_ARC = YES;
				CLANG_ENABLE_OBJC_WEAK = YES;
				CLANG_WARN_BLOCK_CAPTURE_AUTORELEASING = YES;
				CLANG_WARN_BOOL_CONVERSION = YES;
				CLANG_WARN_COMMA = YES;
				CLANG_WARN_CONSTANT_CONVERSION = YES;
				CLANG_WARN_DEPRECATED_OBJC_IMPLEMENTATIONS = YES;
				CLANG_WARN_DIRECT_OBJC_ISA_USAGE = YES_ERROR;
				CLANG_WARN_DOCUMENTATION_COMMENTS = YES;
				CLANG_WARN_EMPTY_BODY = YES;
				CLANG_WARN_ENUM_CONVERSION = YES;
				CLANG_WARN_INFINITE_RECURSION = YES;
				CLANG_WARN_INT_CONVERSION = YES;
				CLANG_WARN_NON_LITERAL_NULL_CONVERSION = YES;
				CLANG_WARN_OBJC_IMPLICIT_RETAIN_SELF = YES;
				CLANG_WARN_OBJC_LITERAL_CONVERSION = YES;
				CLANG_WARN_OBJC_ROOT_CLASS = YES_ERROR;
				CLANG_WARN_QUOTED_INCLUDE_IN_FRAMEWORK_HEADER = YES;
				CLANG_WARN_RANGE_LOOP_ANALYSIS = YES;
				CLANG_WARN_STRICT_PROTOTYPES = YES;
				CLANG_WARN_SUSPICIOUS_MOVE = YES;
				CLANG_WARN_UNGUARDED_AVAILABILITY = YES_AGGRESSIVE;
				CLANG_WARN_UNREACHABLE_CODE = YES;
				CLANG_WARN__DUPLICATE_METHOD_MATCH = YES;
				COPY_PHASE_STRIP = NO;
				DEBUG_INFORMATION_FORMAT = "dwarf-with-dsym";
				ENABLE_NS_ASSERTIONS = NO;
				ENABLE_STRICT_OBJC_MSGSEND = YES;
				GCC_C_LANGUAGE_STANDARD = gnu11;
				GCC_NO_COMMON_BLOCKS = YES;
				GCC_WARN_64_TO_32_BIT_CONVERSION = YES;
				GCC_WARN_ABOUT_RETURN_TYPE = YES_ERROR;
				GCC_WARN_UNDECLARED_SELECTOR = YES;
				GCC_WARN_UNINITIALIZED_AUTOS = YES_AGGRESSIVE;
				GCC_WARN_UNUSED_FUNCTION = YES;
				GCC_WARN_UNUSED_VARIABLE = YES;
				IPHONEOS_DEPLOYMENT_TARGET = 16.2;
				MTL_ENABLE_DEBUG_INFO = NO;
				MTL_FAST_MATH = YES;
				SDKROOT = iphoneos;
				SWIFT_COMPILATION_MODE = wholemodule;
				SWIFT_OPTIMIZATION_LEVEL = "-O";
				VALIDATE_PRODUCT = YES;
			};
			name = Release;
		};
		C6B19A5729799B9700195FCA /* Debug */ = {
			isa = XCBuildConfiguration;
			baseConfigurationReference = 8C8B93CB9F59EA76C8A21BEB /* Pods-Cupload.debug.xcconfig */;
			buildSettings = {
				ASSETCATALOG_COMPILER_APPICON_NAME = AppIcon;
				ASSETCATALOG_COMPILER_GLOBAL_ACCENT_COLOR_NAME = AccentColor;
				CLANG_ENABLE_MODULES = YES;
				CODE_SIGN_ENTITLEMENTS = Cupload/Cupload.entitlements;
				CODE_SIGN_STYLE = Automatic;
				CURRENT_PROJECT_VERSION = 1;
				DEVELOPMENT_TEAM = HEHXP7NG6P;
				GENERATE_INFOPLIST_FILE = YES;
				INFOPLIST_FILE = Cupload/Info.plist;
				INFOPLIST_KEY_CFBundleDisplayName = Cupload;
				INFOPLIST_KEY_UIApplicationSupportsIndirectInputEvents = YES;
				INFOPLIST_KEY_UILaunchStoryboardName = LaunchScreen;
				INFOPLIST_KEY_UIMainStoryboardFile = Main;
				INFOPLIST_KEY_UISupportedInterfaceOrientations_iPad = "UIInterfaceOrientationPortrait UIInterfaceOrientationPortraitUpsideDown UIInterfaceOrientationLandscapeLeft UIInterfaceOrientationLandscapeRight";
				INFOPLIST_KEY_UISupportedInterfaceOrientations_iPhone = "UIInterfaceOrientationPortrait UIInterfaceOrientationLandscapeLeft UIInterfaceOrientationLandscapeRight";
				IPHONEOS_DEPLOYMENT_TARGET = 16.2;
				LD_RUNPATH_SEARCH_PATHS = (
					"$(inherited)",
					"@executable_path/Frameworks",
				);
				LIBRARY_SEARCH_PATHS = (
					"$(inherited)",
					"$(PROJECT_DIR)/BACtrackSDK",
				);
				MARKETING_VERSION = 1.0;
				PRODUCT_BUNDLE_IDENTIFIER = "Grenier-Software.Cupload";
				PRODUCT_NAME = "$(TARGET_NAME)";
				SWIFT_EMIT_LOC_STRINGS = YES;
				SWIFT_OBJC_BRIDGING_HEADER = "ViewControllerBlowTab/Cupload-Bridging-Header.h";
				SWIFT_OPTIMIZATION_LEVEL = "-Onone";
				SWIFT_VERSION = 5.0;
				TARGETED_DEVICE_FAMILY = 1;
			};
			name = Debug;
		};
		C6B19A5829799B9700195FCA /* Release */ = {
			isa = XCBuildConfiguration;
			baseConfigurationReference = 5AD6402B4DF2D8B85F81341F /* Pods-Cupload.release.xcconfig */;
			buildSettings = {
				ASSETCATALOG_COMPILER_APPICON_NAME = AppIcon;
				ASSETCATALOG_COMPILER_GLOBAL_ACCENT_COLOR_NAME = AccentColor;
				CLANG_ENABLE_MODULES = YES;
				CODE_SIGN_ENTITLEMENTS = Cupload/Cupload.entitlements;
				CODE_SIGN_STYLE = Automatic;
				CURRENT_PROJECT_VERSION = 1;
				DEVELOPMENT_TEAM = HEHXP7NG6P;
				GENERATE_INFOPLIST_FILE = YES;
				INFOPLIST_FILE = Cupload/Info.plist;
				INFOPLIST_KEY_CFBundleDisplayName = Cupload;
				INFOPLIST_KEY_UIApplicationSupportsIndirectInputEvents = YES;
				INFOPLIST_KEY_UILaunchStoryboardName = LaunchScreen;
				INFOPLIST_KEY_UIMainStoryboardFile = Main;
				INFOPLIST_KEY_UISupportedInterfaceOrientations_iPad = "UIInterfaceOrientationPortrait UIInterfaceOrientationPortraitUpsideDown UIInterfaceOrientationLandscapeLeft UIInterfaceOrientationLandscapeRight";
				INFOPLIST_KEY_UISupportedInterfaceOrientations_iPhone = "UIInterfaceOrientationPortrait UIInterfaceOrientationLandscapeLeft UIInterfaceOrientationLandscapeRight";
				IPHONEOS_DEPLOYMENT_TARGET = 16.2;
				LD_RUNPATH_SEARCH_PATHS = (
					"$(inherited)",
					"@executable_path/Frameworks",
				);
				LIBRARY_SEARCH_PATHS = (
					"$(inherited)",
					"$(PROJECT_DIR)/BACtrackSDK",
				);
				MARKETING_VERSION = 1.0;
				"OTHER_LDFLAGS[sdk=iphoneos*]" = (
					"-ObjC",
					"-all_load",
				);
				PRODUCT_BUNDLE_IDENTIFIER = "Grenier-Software.Cupload";
				PRODUCT_NAME = "$(TARGET_NAME)";
				SWIFT_EMIT_LOC_STRINGS = YES;
				SWIFT_OBJC_BRIDGING_HEADER = "ViewControllerBlowTab/Cupload-Bridging-Header.h";
				SWIFT_VERSION = 5.0;
				TARGETED_DEVICE_FAMILY = 1;
			};
			name = Release;
		};
		C6B19A5A29799B9700195FCA /* Debug */ = {
			isa = XCBuildConfiguration;
			baseConfigurationReference = 601865A0FCDDA9220796ADBC /* Pods-CuploadTests.debug.xcconfig */;
			buildSettings = {
				ALWAYS_EMBED_SWIFT_STANDARD_LIBRARIES = YES;
				BUNDLE_LOADER = "$(TEST_HOST)";
				CODE_SIGN_STYLE = Automatic;
				CURRENT_PROJECT_VERSION = 1;
				GENERATE_INFOPLIST_FILE = YES;
				IPHONEOS_DEPLOYMENT_TARGET = 16.2;
				MARKETING_VERSION = 1.0;
				PRODUCT_BUNDLE_IDENTIFIER = "Grenier-Software.CuploadTests";
				PRODUCT_NAME = "$(TARGET_NAME)";
				SWIFT_EMIT_LOC_STRINGS = NO;
				SWIFT_VERSION = 5.0;
				TARGETED_DEVICE_FAMILY = "1,2";
				TEST_HOST = "$(BUILT_PRODUCTS_DIR)/Cupload.app/$(BUNDLE_EXECUTABLE_FOLDER_PATH)/Cupload";
			};
			name = Debug;
		};
		C6B19A5B29799B9700195FCA /* Release */ = {
			isa = XCBuildConfiguration;
			baseConfigurationReference = ADE42C79FF4AB4A7A9766591 /* Pods-CuploadTests.release.xcconfig */;
			buildSettings = {
				ALWAYS_EMBED_SWIFT_STANDARD_LIBRARIES = YES;
				BUNDLE_LOADER = "$(TEST_HOST)";
				CODE_SIGN_STYLE = Automatic;
				CURRENT_PROJECT_VERSION = 1;
				GENERATE_INFOPLIST_FILE = YES;
				IPHONEOS_DEPLOYMENT_TARGET = 16.2;
				MARKETING_VERSION = 1.0;
				PRODUCT_BUNDLE_IDENTIFIER = "Grenier-Software.CuploadTests";
				PRODUCT_NAME = "$(TARGET_NAME)";
				SWIFT_EMIT_LOC_STRINGS = NO;
				SWIFT_VERSION = 5.0;
				TARGETED_DEVICE_FAMILY = "1,2";
				TEST_HOST = "$(BUILT_PRODUCTS_DIR)/Cupload.app/$(BUNDLE_EXECUTABLE_FOLDER_PATH)/Cupload";
			};
			name = Release;
		};
		C6B19A5D29799B9700195FCA /* Debug */ = {
			isa = XCBuildConfiguration;
			baseConfigurationReference = 2FD43618A7530C47AECFFFDF /* Pods-Cupload-CuploadUITests.debug.xcconfig */;
			buildSettings = {
				ALWAYS_EMBED_SWIFT_STANDARD_LIBRARIES = YES;
				CODE_SIGN_STYLE = Automatic;
				CURRENT_PROJECT_VERSION = 1;
				GENERATE_INFOPLIST_FILE = YES;
				MARKETING_VERSION = 1.0;
				PRODUCT_BUNDLE_IDENTIFIER = "Grenier-Software.CuploadUITests";
				PRODUCT_NAME = "$(TARGET_NAME)";
				SWIFT_EMIT_LOC_STRINGS = NO;
				SWIFT_VERSION = 5.0;
				TARGETED_DEVICE_FAMILY = "1,2";
				TEST_TARGET_NAME = Cupload;
			};
			name = Debug;
		};
		C6B19A5E29799B9700195FCA /* Release */ = {
			isa = XCBuildConfiguration;
			baseConfigurationReference = 32156AEB424A87023DA2A82C /* Pods-Cupload-CuploadUITests.release.xcconfig */;
			buildSettings = {
				ALWAYS_EMBED_SWIFT_STANDARD_LIBRARIES = YES;
				CODE_SIGN_STYLE = Automatic;
				CURRENT_PROJECT_VERSION = 1;
				GENERATE_INFOPLIST_FILE = YES;
				MARKETING_VERSION = 1.0;
				PRODUCT_BUNDLE_IDENTIFIER = "Grenier-Software.CuploadUITests";
				PRODUCT_NAME = "$(TARGET_NAME)";
				SWIFT_EMIT_LOC_STRINGS = NO;
				SWIFT_VERSION = 5.0;
				TARGETED_DEVICE_FAMILY = "1,2";
				TEST_TARGET_NAME = Cupload;
			};
			name = Release;
		};
/* End XCBuildConfiguration section */

/* Begin XCConfigurationList section */
		C6B19A2729799B9400195FCA /* Build configuration list for PBXProject "Cupload" */ = {
			isa = XCConfigurationList;
			buildConfigurations = (
				C6B19A5429799B9700195FCA /* Debug */,
				C6B19A5529799B9700195FCA /* Release */,
			);
			defaultConfigurationIsVisible = 0;
			defaultConfigurationName = Release;
		};
		C6B19A5629799B9700195FCA /* Build configuration list for PBXNativeTarget "Cupload" */ = {
			isa = XCConfigurationList;
			buildConfigurations = (
				C6B19A5729799B9700195FCA /* Debug */,
				C6B19A5829799B9700195FCA /* Release */,
			);
			defaultConfigurationIsVisible = 0;
			defaultConfigurationName = Release;
		};
		C6B19A5929799B9700195FCA /* Build configuration list for PBXNativeTarget "CuploadTests" */ = {
			isa = XCConfigurationList;
			buildConfigurations = (
				C6B19A5A29799B9700195FCA /* Debug */,
				C6B19A5B29799B9700195FCA /* Release */,
			);
			defaultConfigurationIsVisible = 0;
			defaultConfigurationName = Release;
		};
		C6B19A5C29799B9700195FCA /* Build configuration list for PBXNativeTarget "CuploadUITests" */ = {
			isa = XCConfigurationList;
			buildConfigurations = (
				C6B19A5D29799B9700195FCA /* Debug */,
				C6B19A5E29799B9700195FCA /* Release */,
			);
			defaultConfigurationIsVisible = 0;
			defaultConfigurationName = Release;
		};
/* End XCConfigurationList section */

/* Begin XCRemoteSwiftPackageReference section */
		C644FBFD29AD47B100F636D3 /* XCRemoteSwiftPackageReference "SwiftKeychainWrapper" */ = {
			isa = XCRemoteSwiftPackageReference;
			repositoryURL = "https://github.com/jrendel/SwiftKeychainWrapper";
			requirement = {
				kind = upToNextMajorVersion;
				minimumVersion = 4.0.0;
			};
		};
/* End XCRemoteSwiftPackageReference section */

/* Begin XCSwiftPackageProductDependency section */
		C644FBFE29AD47B100F636D3 /* SwiftKeychainWrapper */ = {
			isa = XCSwiftPackageProductDependency;
			package = C644FBFD29AD47B100F636D3 /* XCRemoteSwiftPackageReference "SwiftKeychainWrapper" */;
			productName = SwiftKeychainWrapper;
		};
/* End XCSwiftPackageProductDependency section */
	};
	rootObject = C6B19A2429799B9400195FCA /* Project object */;
}
